[{
  "_id": {
    "$oid": "67b8a8c3724b5e98b9a6c449"
  },
  "title": "Introduction to NoSQL Databases",
  "content": "NoSQL databases are an essential part of modern web development. This post introduces NoSQL databases, including MongoDB, Cassandra, and others, and how they differ from traditional relational databases.",
  "date": {
    "$date": "2025-02-27T10:00:00.000Z"
  },
  "user_id": {
    "$oid": "67b75424b369b78dcb9029b1"
  },
  "tags": [
    "NoSQL",
    "Database",
    "Introduction"
  ],
  "views": 180
},
{
  "_id": {
    "$oid": "67b8a8c3724b5e98b9a6c44a"
  },
  "title": "Exploring MongoDB Indexing",
  "content": "In this post, we dive into the MongoDB indexing system. We'll explore different types of indexes like single field, compound, and geospatial indexes, and how to use them to optimize queries.",
  "date": {
    "$date": "2025-02-28T09:30:00.000Z"
  },
  "user_id": {
    "$oid": "67b82d1e9e2ea15ff3fd4093"
  },
  "tags": [
    "MongoDB",
    "Indexing",
    "Optimization"
  ],
  "views": 250
},
{
  "_id": {
    "$oid": "67b8a8c3724b5e98b9a6c44b"
  },
  "title": "MongoDB Aggregation Pipeline",
  "content": "Learn how to use MongoDB's aggregation pipeline to perform advanced queries, such as filtering, sorting, and grouping data. We'll explore how to write aggregation queries with the $match, $group, and $sort stages.",
  "date": {
    "$date": "2025-03-01T11:15:00.000Z"
  },
  "user_id": {
    "$oid": "67b82df59e2ea15ff3fd4094"
  },
  "tags": [
    "MongoDB",
    "Aggregation",
    "Pipeline"
  ],
  "views": 320
},
{
  "_id": {
    "$oid": "67b8a8c3724b5e98b9a6c44c"
  },
  "title": "Mastering MongoDB Sharding",
  "content": "This blog explains MongoDB sharding, a technique used to horizontally scale your MongoDB deployment. We will look at how sharding works, how to set it up, and how it benefits large-scale applications.",
  "date": {
    "$date": "2025-03-02T12:00:00.000Z"
  },
  "user_id": {
    "$oid": "67b843918d87779ffb5dc3cd"
  },
  "tags": [
    "MongoDB",
    "Sharding",
    "Scaling"
  ],
  "views": 400
},
{
  "_id": {
    "$oid": "67b8a8c3724b5e98b9a6c44d"
  },
  "title": "Handling MongoDB Transactions",
  "content": "MongoDB supports multi-document transactions in replica sets. This post covers how to use transactions to ensure atomicity in your MongoDB operations.",
  "date": {
    "$date": "2025-03-03T14:00:00.000Z"
  },
  "user_id": {
    "$oid": "67b75424b369b78dcb9029b1"
  },
  "tags": [
    "MongoDB",
    "Transactions",
    "Atomicity"
  ],
  "views": 150
},
{
  "_id": {
    "$oid": "67b8a8c3724b5e98b9a6c44e"
  },
  "title": "MongoDB Security Essentials",
  "content": "This blog covers MongoDB's security features, including authentication, authorization, and encryption. We’ll look at best practices to ensure your MongoDB instances are secure.",
  "date": {
    "$date": "2025-03-04T08:30:00.000Z"
  },
  "user_id": {
    "$oid": "67b82d1e9e2ea15ff3fd4093"
  },
  "tags": [
    "MongoDB",
    "Security",
    "Authentication"
  ],
  "views": 290
},
{
  "_id": {
    "$oid": "67b8a8c3724b5e98b9a6c44f"
  },
  "title": "Advanced MongoDB Query Optimization",
  "content": "Learn advanced techniques to optimize your MongoDB queries for performance. This blog covers indexing strategies, query execution plans, and optimizing aggregation pipelines.",
  "date": {
    "$date": "2025-03-05T10:45:00.000Z"
  },
  "user_id": {
    "$oid": "67b82df59e2ea15ff3fd4094"
  },
  "tags": [
    "MongoDB",
    "Query Optimization",
    "Performance"
  ],
  "views": 370
},
{
  "_id": {
    "$oid": "67b8a8c3724b5e98b9a6c450"
  },
  "title": "MongoDB Data Modeling Best Practices",
  "content": "In this post, we discuss MongoDB data modeling strategies, including embedding vs. referencing, schema design, and how to choose the right approach for your application.",
  "date": {
    "$date": "2025-03-06T09:00:00.000Z"
  },
  "user_id": {
    "$oid": "67b843918d87779ffb5dc3cd"
  },
  "tags": [
    "MongoDB",
    "Data Modeling",
    "Best Practices"
  ],
  "views": 450
}]